
Microsoft Visual Studio Solution File, Format Version 12.00
# Visual Studio Version 17
VisualStudioVersion = 17.8.34408.163
MinimumVisualStudioVersion = 10.0.40219.1
Project("{2150E333-8FDC-42A3-9474-1A3956D46DE8}") = "test", "test", "{80F9BF4F-E4C1-4BB4-B8D6-6C378102171D}"
EndProject
Project("{2150E333-8FDC-42A3-9474-1A3956D46DE8}") = "src", "src", "{3A82EFA9-4606-4BAB-930C-B6698A193C71}"
EndProject
Project("{2150E333-8FDC-42A3-9474-1A3956D46DE8}") = "API", "API", "{9B3BED07-262D-4255-B4B9-CA1684CFCDC0}"
EndProject
Project("{2150E333-8FDC-42A3-9474-1A3956D46DE8}") = "Gateway", "Gateway", "{25E94483-5F08-4F89-8ABD-0CAC59A0BA38}"
EndProject
Project("{9A19103F-16F7-4668-BE54-9A1E7A4F7556}") = "MsBanking.Core", "src\API\MsBanking.Core\MsBanking.Core.csproj", "{95EE2F77-648C-4E88-8298-CA9AFAB264AD}"
EndProject
Project("{9A19103F-16F7-4668-BE54-9A1E7A4F7556}") = "MsBanking.Common", "src\MsBanking.Common\MsBanking.Common.csproj", "{B7DC4E8D-4C9D-4E27-8F6E-EED298E2D6C9}"
EndProject
Project("{9A19103F-16F7-4668-BE54-9A1E7A4F7556}") = "MsBanking.Gateway", "src\Gateway\MsBanking.Gateway\MsBanking.Gateway.csproj", "{90B866B7-61BA-4F4E-A565-9D6943236C3F}"
EndProject
Project("{9A19103F-16F7-4668-BE54-9A1E7A4F7556}") = "MsBanking.Core.Branch", "src\API\MsBanking.Core.Branch\MsBanking.Core.Branch.csproj", "{5DAE6D19-74F0-4C16-BB7F-08A3AA97DD3D}"
EndProject
Project("{9A19103F-16F7-4668-BE54-9A1E7A4F7556}") = "MsBanking.Core.Account", "src\API\MsBanking.Core.Account\MsBanking.Core.Account.csproj", "{A2AE800C-39B8-40B8-8601-9961C653DB12}"
EndProject
Project("{9A19103F-16F7-4668-BE54-9A1E7A4F7556}") = "MsBanking.Card", "src\API\MsBanking.CreditCard\MsBanking.Card.csproj", "{B8930C2F-C797-413B-A2FE-50AAFEF7688F}"
EndProject
Project("{FAE04EC0-301F-11D3-BF4B-00C04F79EFBC}") = "MsBanking.Core.Branch.Test", "test\MsBanking.Core.Branch.Test\MsBanking.Core.Branch.Test.csproj", "{A9C8CE24-DFA9-4CF6-8B35-F4FDFF8FC2CC}"
EndProject
Global
	GlobalSection(SolutionConfigurationPlatforms) = preSolution
		Debug|Any CPU = Debug|Any CPU
		Release|Any CPU = Release|Any CPU
	EndGlobalSection
	GlobalSection(ProjectConfigurationPlatforms) = postSolution
		{95EE2F77-648C-4E88-8298-CA9AFAB264AD}.Debug|Any CPU.ActiveCfg = Debug|Any CPU
		{95EE2F77-648C-4E88-8298-CA9AFAB264AD}.Debug|Any CPU.Build.0 = Debug|Any CPU
		{95EE2F77-648C-4E88-8298-CA9AFAB264AD}.Release|Any CPU.ActiveCfg = Release|Any CPU
		{95EE2F77-648C-4E88-8298-CA9AFAB264AD}.Release|Any CPU.Build.0 = Release|Any CPU
		{B7DC4E8D-4C9D-4E27-8F6E-EED298E2D6C9}.Debug|Any CPU.ActiveCfg = Debug|Any CPU
		{B7DC4E8D-4C9D-4E27-8F6E-EED298E2D6C9}.Debug|Any CPU.Build.0 = Debug|Any CPU
		{B7DC4E8D-4C9D-4E27-8F6E-EED298E2D6C9}.Release|Any CPU.ActiveCfg = Release|Any CPU
		{B7DC4E8D-4C9D-4E27-8F6E-EED298E2D6C9}.Release|Any CPU.Build.0 = Release|Any CPU
		{90B866B7-61BA-4F4E-A565-9D6943236C3F}.Debug|Any CPU.ActiveCfg = Debug|Any CPU
		{90B866B7-61BA-4F4E-A565-9D6943236C3F}.Debug|Any CPU.Build.0 = Debug|Any CPU
		{90B866B7-61BA-4F4E-A565-9D6943236C3F}.Release|Any CPU.ActiveCfg = Release|Any CPU
		{90B866B7-61BA-4F4E-A565-9D6943236C3F}.Release|Any CPU.Build.0 = Release|Any CPU
		{5DAE6D19-74F0-4C16-BB7F-08A3AA97DD3D}.Debug|Any CPU.ActiveCfg = Debug|Any CPU
		{5DAE6D19-74F0-4C16-BB7F-08A3AA97DD3D}.Debug|Any CPU.Build.0 = Debug|Any CPU
		{5DAE6D19-74F0-4C16-BB7F-08A3AA97DD3D}.Release|Any CPU.ActiveCfg = Release|Any CPU
		{5DAE6D19-74F0-4C16-BB7F-08A3AA97DD3D}.Release|Any CPU.Build.0 = Release|Any CPU
		{A2AE800C-39B8-40B8-8601-9961C653DB12}.Debug|Any CPU.ActiveCfg = Debug|Any CPU
		{A2AE800C-39B8-40B8-8601-9961C653DB12}.Debug|Any CPU.Build.0 = Debug|Any CPU
		{A2AE800C-39B8-40B8-8601-9961C653DB12}.Release|Any CPU.ActiveCfg = Release|Any CPU
		{A2AE800C-39B8-40B8-8601-9961C653DB12}.Release|Any CPU.Build.0 = Release|Any CPU
		{B8930C2F-C797-413B-A2FE-50AAFEF7688F}.Debug|Any CPU.ActiveCfg = Debug|Any CPU
		{B8930C2F-C797-413B-A2FE-50AAFEF7688F}.Debug|Any CPU.Build.0 = Debug|Any CPU
		{B8930C2F-C797-413B-A2FE-50AAFEF7688F}.Release|Any CPU.ActiveCfg = Release|Any CPU
		{B8930C2F-C797-413B-A2FE-50AAFEF7688F}.Release|Any CPU.Build.0 = Release|Any CPU
		{A9C8CE24-DFA9-4CF6-8B35-F4FDFF8FC2CC}.Debug|Any CPU.ActiveCfg = Debug|Any CPU
		{A9C8CE24-DFA9-4CF6-8B35-F4FDFF8FC2CC}.Debug|Any CPU.Build.0 = Debug|Any CPU
		{A9C8CE24-DFA9-4CF6-8B35-F4FDFF8FC2CC}.Release|Any CPU.ActiveCfg = Release|Any CPU
		{A9C8CE24-DFA9-4CF6-8B35-F4FDFF8FC2CC}.Release|Any CPU.Build.0 = Release|Any CPU
	EndGlobalSection
	GlobalSection(SolutionProperties) = preSolution
		HideSolutionNode = FALSE
	EndGlobalSection
	GlobalSection(NestedProjects) = preSolution
		{9B3BED07-262D-4255-B4B9-CA1684CFCDC0} = {3A82EFA9-4606-4BAB-930C-B6698A193C71}
		{25E94483-5F08-4F89-8ABD-0CAC59A0BA38} = {3A82EFA9-4606-4BAB-930C-B6698A193C71}
		{95EE2F77-648C-4E88-8298-CA9AFAB264AD} = {9B3BED07-262D-4255-B4B9-CA1684CFCDC0}
		{B7DC4E8D-4C9D-4E27-8F6E-EED298E2D6C9} = {3A82EFA9-4606-4BAB-930C-B6698A193C71}
		{90B866B7-61BA-4F4E-A565-9D6943236C3F} = {25E94483-5F08-4F89-8ABD-0CAC59A0BA38}
		{5DAE6D19-74F0-4C16-BB7F-08A3AA97DD3D} = {9B3BED07-262D-4255-B4B9-CA1684CFCDC0}
		{A2AE800C-39B8-40B8-8601-9961C653DB12} = {9B3BED07-262D-4255-B4B9-CA1684CFCDC0}
		{B8930C2F-C797-413B-A2FE-50AAFEF7688F} = {9B3BED07-262D-4255-B4B9-CA1684CFCDC0}
		{A9C8CE24-DFA9-4CF6-8B35-F4FDFF8FC2CC} = {80F9BF4F-E4C1-4BB4-B8D6-6C378102171D}
	EndGlobalSection
	GlobalSection(ExtensibilityGlobals) = postSolution
		SolutionGuid = {EF7FC894-092A-4812-B4A9-F1A8C1F305FD}
	EndGlobalSection
EndGlobal
